// !$*UTF8*$!
{
	archiveVersion = 1;
	classes = {
	};
	objectVersion = 50;
	objects = {

/* Begin PBXBuildFile section */
		5239574E21ABAF1500403F89 /* BST.cpp in Sources */ = {isa = PBXBuildFile; fileRef = 5239574C21ABAF1500403F89 /* BST.cpp */; };
		52C8CD2521AB5C5600F3F749 /* main.cpp in Sources */ = {isa = PBXBuildFile; fileRef = 52C8CD2421AB5C5600F3F749 /* main.cpp */; };
/* End PBXBuildFile section */

/* Begin PBXCopyFilesBuildPhase section */
		52C8CD1F21AB5C5500F3F749 /* CopyFiles */ = {
			isa = PBXCopyFilesBuildPhase;
			buildActionMask = 2147483647;
			dstPath = /usr/share/man/man1/;
			dstSubfolderSpec = 0;
			files = (
			);
			runOnlyForDeploymentPostprocessing = 1;
		};
/* End PBXCopyFilesBuildPhase section */

/* Begin PBXFileReference section */
		5239574C21ABAF1500403F89 /* BST.cpp */ = {isa = PBXFileReference; lastKnownFileType = sourcecode.cpp.cpp; path = BST.cpp; sourceTree = "<group>"; };
		5239574D21ABAF1500403F89 /* BST.h */ = {isa = PBXFileReference; lastKnownFileType = sourcecode.c.h; path = BST.h; sourceTree = "<group>"; };
		5239575021ABB00B00403F89 /* Node.h */ = {isa = PBXFileReference; lastKnownFileType = sourcecode.c.h; path = Node.h; sourceTree = "<group>"; };
		52C8CD2121AB5C5500F3F749 /* Lab7 */ = {isa = PBXFileReference; explicitFileType = "compiled.mach-o.executable"; includeInIndex = 0; path = Lab7; sourceTree = BUILT_PRODUCTS_DIR; };
		52C8CD2421AB5C5600F3F749 /* main.cpp */ = {isa = PBXFileReference; lastKnownFileType = sourcecode.cpp.cpp; path = main.cpp; sourceTree = "<group>"; };
		52C8CD2B21AB5CD500F3F749 /* key_file5.txt */ = {isa = PBXFileReference; fileEncoding = 4; lastKnownFileType = text; path = key_file5.txt; sourceTree = "<group>"; };
		52C8CD2C21AB5CD500F3F749 /* key_file1.txt */ = {isa = PBXFileReference; fileEncoding = 4; lastKnownFileType = text; path = key_file1.txt; sourceTree = "<group>"; };
		52C8CD2D21AB5CD500F3F749 /* key_file2.txt */ = {isa = PBXFileReference; fileEncoding = 4; lastKnownFileType = text; path = key_file2.txt; sourceTree = "<group>"; };
		52C8CD2E21AB5CD500F3F749 /* WindowsEndlines */ = {isa = PBXFileReference; lastKnownFileType = folder; path = WindowsEndlines; sourceTree = "<group>"; };
		52C8CD2F21AB5CD600F3F749 /* file1.txt */ = {isa = PBXFileReference; fileEncoding = 4; lastKnownFileType = text; path = file1.txt; sourceTree = "<group>"; };
		52C8CD3021AB5CD600F3F749 /* NodeInterface.h */ = {isa = PBXFileReference; fileEncoding = 4; lastKnownFileType = sourcecode.c.h; path = NodeInterface.h; sourceTree = "<group>"; };
		52C8CD3121AB5CD600F3F749 /* check.sh */ = {isa = PBXFileReference; fileEncoding = 4; lastKnownFileType = text.script.sh; path = check.sh; sourceTree = "<group>"; };
		52C8CD3221AB5CD600F3F749 /* key_file4.txt */ = {isa = PBXFileReference; fileEncoding = 4; lastKnownFileType = text; path = key_file4.txt; sourceTree = "<group>"; };
		52C8CD3321AB5CD600F3F749 /* BSTInterface.h */ = {isa = PBXFileReference; fileEncoding = 4; lastKnownFileType = sourcecode.c.h; path = BSTInterface.h; sourceTree = "<group>"; };
		52C8CD3421AB5CD600F3F749 /* file5.txt */ = {isa = PBXFileReference; fileEncoding = 4; lastKnownFileType = text; path = file5.txt; sourceTree = "<group>"; };
		52C8CD3521AB5CD600F3F749 /* file4.txt */ = {isa = PBXFileReference; fileEncoding = 4; lastKnownFileType = text; path = file4.txt; sourceTree = "<group>"; };
		52C8CD3621AB5CD600F3F749 /* file3.txt */ = {isa = PBXFileReference; fileEncoding = 4; lastKnownFileType = text; path = file3.txt; sourceTree = "<group>"; };
		52C8CD3721AB5CD600F3F749 /* key_file3.txt */ = {isa = PBXFileReference; fileEncoding = 4; lastKnownFileType = text; path = key_file3.txt; sourceTree = "<group>"; };
		52C8CD3821AB5CD600F3F749 /* README.md */ = {isa = PBXFileReference; fileEncoding = 4; lastKnownFileType = net.daringfireball.markdown; path = README.md; sourceTree = "<group>"; };
		52C8CD3921AB5CD600F3F749 /* file2.txt */ = {isa = PBXFileReference; fileEncoding = 4; lastKnownFileType = text; path = file2.txt; sourceTree = "<group>"; };
/* End PBXFileReference section */

/* Begin PBXFrameworksBuildPhase section */
		52C8CD1E21AB5C5500F3F749 /* Frameworks */ = {
			isa = PBXFrameworksBuildPhase;
			buildActionMask = 2147483647;
			files = (
			);
			runOnlyForDeploymentPostprocessing = 0;
		};
/* End PBXFrameworksBuildPhase section */

/* Begin PBXGroup section */
		52C8CD1821AB5C5500F3F749 = {
			isa = PBXGroup;
			children = (
				52C8CD2321AB5C5500F3F749 /* Lab7 */,
				52C8CD2221AB5C5500F3F749 /* Products */,
			);
			sourceTree = "<group>";
		};
		52C8CD2221AB5C5500F3F749 /* Products */ = {
			isa = PBXGroup;
			children = (
				52C8CD2121AB5C5500F3F749 /* Lab7 */,
			);
			name = Products;
			sourceTree = "<group>";
		};
		52C8CD2321AB5C5500F3F749 /* Lab7 */ = {
			isa = PBXGroup;
			children = (
				52C8CD2421AB5C5600F3F749 /* main.cpp */,
				52C8CD3321AB5CD600F3F749 /* BSTInterface.h */,
				52C8CD3121AB5CD600F3F749 /* check.sh */,
				52C8CD2F21AB5CD600F3F749 /* file1.txt */,
				52C8CD3921AB5CD600F3F749 /* file2.txt */,
				52C8CD3621AB5CD600F3F749 /* file3.txt */,
				52C8CD3521AB5CD600F3F749 /* file4.txt */,
				52C8CD3421AB5CD600F3F749 /* file5.txt */,
				52C8CD2C21AB5CD500F3F749 /* key_file1.txt */,
				52C8CD2D21AB5CD500F3F749 /* key_file2.txt */,
				52C8CD3721AB5CD600F3F749 /* key_file3.txt */,
				52C8CD3221AB5CD600F3F749 /* key_file4.txt */,
				52C8CD2B21AB5CD500F3F749 /* key_file5.txt */,
				52C8CD3021AB5CD600F3F749 /* NodeInterface.h */,
				52C8CD3821AB5CD600F3F749 /* README.md */,
				52C8CD2E21AB5CD500F3F749 /* WindowsEndlines */,
				5239574C21ABAF1500403F89 /* BST.cpp */,
				5239574D21ABAF1500403F89 /* BST.h */,
				5239575021ABB00B00403F89 /* Node.h */,
			);
			path = Lab7;
			sourceTree = "<group>";
		};
/* End PBXGroup section */

/* Begin PBXNativeTarget section */
		52C8CD2021AB5C5500F3F749 /* Lab7 */ = {
			isa = PBXNativeTarget;
			buildConfigurationList = 52C8CD2821AB5C5600F3F749 /* Build configuration list for PBXNativeTarget "Lab7" */;
			buildPhases = (
				52C8CD1D21AB5C5500F3F749 /* Sources */,
				52C8CD1E21AB5C5500F3F749 /* Frameworks */,
				52C8CD1F21AB5C5500F3F749 /* CopyFiles */,
			);
			buildRules = (
			);
			dependencies = (
			);
			name = Lab7;
			productName = Lab7;
			productReference = 52C8CD2121AB5C5500F3F749 /* Lab7 */;
			productType = "com.apple.product-type.tool";
		};
/* End PBXNativeTarget section */

/* Begin PBXProject section */
		52C8CD1921AB5C5500F3F749 /* Project object */ = {
			isa = PBXProject;
			attributes = {
				LastUpgradeCheck = 1010;
				ORGANIZATIONNAME = "Cameron Brown";
				TargetAttributes = {
					52C8CD2021AB5C5500F3F749 = {
						CreatedOnToolsVersion = 10.1;
					};
				};
			};
			buildConfigurationList = 52C8CD1C21AB5C5500F3F749 /* Build configuration list for PBXProject "Lab7" */;
			compatibilityVersion = "Xcode 9.3";
			developmentRegion = en;
			hasScannedForEncodings = 0;
			knownRegions = (
				en,
			);
			mainGroup = 52C8CD1821AB5C5500F3F749;
			productRefGroup = 52C8CD2221AB5C5500F3F749 /* Products */;
			projectDirPath = "";
			projectRoot = "";
			targets = (
				52C8CD2021AB5C5500F3F749 /* Lab7 */,
			);
		};
/* End PBXProject section */

/* Begin PBXSourcesBuildPhase section */
		52C8CD1D21AB5C5500F3F749 /* Sources */ = {
			isa = PBXSourcesBuildPhase;
			buildActionMask = 2147483647;
			files = (
				52C8CD2521AB5C5600F3F749 /* main.cpp in Sources */,
				5239574E21ABAF1500403F89 /* BST.cpp in Sources */,
			);
			runOnlyForDeploymentPostprocessing = 0;
		};
/* End PBXSourcesBuildPhase section */

/* Begin XCBuildConfiguration section */
		52C8CD2621AB5C5600F3F749 /* Debug */ = {
			isa = XCBuildConfiguration;
			buildSettings = {
				ALWAYS_SEARCH_USER_PATHS = NO;
				CLANG_ANALYZER_NONNULL = YES;
				CLANG_ANALYZER_NUMBER_OBJECT_CONVERSION = YES_AGGRESSIVE;
				CLANG_CXX_LANGUAGE_STANDARD = "gnu++14";
				CLANG_CXX_LIBRARY = "libc++";
				CLANG_ENABLE_MODULES = YES;
				CLANG_ENABLE_OBJC_ARC = YES;
				CLANG_ENABLE_OBJC_WEAK = YES;
				CLANG_WARN_BLOCK_CAPTURE_AUTORELEASING = YES;
				CLANG_WARN_BOOL_CONVERSION = YES;
				CLANG_WARN_COMMA = YES;
				CLANG_WARN_CONSTANT_CONVERSION = YES;
				CLANG_WARN_DEPRECATED_OBJC_IMPLEMENTATIONS = YES;
				CLANG_WARN_DIRECT_OBJC_ISA_USAGE = YES_ERROR;
				CLANG_WARN_DOCUMENTATION_COMMENTS = YES;
				CLANG_WARN_EMPTY_BODY = YES;
				CLANG_WARN_ENUM_CONVERSION = YES;
				CLANG_WARN_INFINITE_RECURSION = YES;
				CLANG_WARN_INT_CONVERSION = YES;
				CLANG_WARN_NON_LITERAL_NULL_CONVERSION = YES;
				CLANG_WARN_OBJC_IMPLICIT_RETAIN_SELF = YES;
				CLANG_WARN_OBJC_LITERAL_CONVERSION = YES;
				CLANG_WARN_OBJC_ROOT_CLASS = YES_ERROR;
				CLANG_WARN_RANGE_LOOP_ANALYSIS = YES;
				CLANG_WARN_STRICT_PROTOTYPES = YES;
				CLANG_WARN_SUSPICIOUS_MOVE = YES;
				CLANG_WARN_UNGUARDED_AVAILABILITY = YES_AGGRESSIVE;
				CLANG_WARN_UNREACHABLE_CODE = YES;
				CLANG_WARN__DUPLICATE_METHOD_MATCH = YES;
				CODE_SIGN_IDENTITY = "Mac Developer";
				COPY_PHASE_STRIP = NO;
				DEBUG_INFORMATION_FORMAT = dwarf;
				ENABLE_STRICT_OBJC_MSGSEND = YES;
				ENABLE_TESTABILITY = YES;
				GCC_C_LANGUAGE_STANDARD = gnu11;
				GCC_DYNAMIC_NO_PIC = NO;
				GCC_NO_COMMON_BLOCKS = YES;
				GCC_OPTIMIZATION_LEVEL = 0;
				GCC_PREPROCESSOR_DEFINITIONS = (
					"DEBUG=1",
					"$(inherited)",
				);
				GCC_WARN_64_TO_32_BIT_CONVERSION = YES;
				GCC_WARN_ABOUT_RETURN_TYPE = YES_ERROR;
				GCC_WARN_UNDECLARED_SELECTOR = YES;
				GCC_WARN_UNINITIALIZED_AUTOS = YES_AGGRESSIVE;
				GCC_WARN_UNUSED_FUNCTION = YES;
				GCC_WARN_UNUSED_VARIABLE = YES;
				MACOSX_DEPLOYMENT_TARGET = 10.14;
				MTL_ENABLE_DEBUG_INFO = INCLUDE_SOURCE;
				MTL_FAST_MATH = YES;
				ONLY_ACTIVE_ARCH = YES;
				SDKROOT = macosx;
			};
			name = Debug;
		};
		52C8CD2721AB5C5600F3F749 /* Release */ = {
			isa = XCBuildConfiguration;
			buildSettings = {
				ALWAYS_SEARCH_USER_PATHS = NO;
				CLANG_ANALYZER_NONNULL = YES;
				CLANG_ANALYZER_NUMBER_OBJECT_CONVERSION = YES_AGGRESSIVE;
				CLANG_CXX_LANGUAGE_STANDARD = "gnu++14";
				CLANG_CXX_LIBRARY = "libc++";
				CLANG_ENABLE_MODULES = YES;
				CLANG_ENABLE_OBJC_ARC = YES;
				CLANG_ENABLE_OBJC_WEAK = YES;
				CLANG_WARN_BLOCK_CAPTURE_AUTORELEASING = YES;
				CLANG_WARN_BOOL_CONVERSION = YES;
				CLANG_WARN_COMMA = YES;
				CLANG_WARN_CONSTANT_CONVERSION = YES;
				CLANG_WARN_DEPRECATED_OBJC_IMPLEMENTATIONS = YES;
				CLANG_WARN_DIRECT_OBJC_ISA_USAGE = YES_ERROR;
				CLANG_WARN_DOCUMENTATION_COMMENTS = YES;
				CLANG_WARN_EMPTY_BODY = YES;
				CLANG_WARN_ENUM_CONVERSION = YES;
				CLANG_WARN_INFINITE_RECURSION = YES;
				CLANG_WARN_INT_CONVERSION = YES;
				CLANG_WARN_NON_LITERAL_NULL_CONVERSION = YES;
				CLANG_WARN_OBJC_IMPLICIT_RETAIN_SELF = YES;
				CLANG_WARN_OBJC_LITERAL_CONVERSION = YES;
				CLANG_WARN_OBJC_ROOT_CLASS = YES_ERROR;
				CLANG_WARN_RANGE_LOOP_ANALYSIS = YES;
				CLANG_WARN_STRICT_PROTOTYPES = YES;
				CLANG_WARN_SUSPICIOUS_MOVE = YES;
				CLANG_WARN_UNGUARDED_AVAILABILITY = YES_AGGRESSIVE;
				CLANG_WARN_UNREACHABLE_CODE = YES;
				CLANG_WARN__DUPLICATE_METHOD_MATCH = YES;
				CODE_SIGN_IDENTITY = "Mac Developer";
				COPY_PHASE_STRIP = NO;
				DEBUG_INFORMATION_FORMAT = "dwarf-with-dsym";
				ENABLE_NS_ASSERTIONS = NO;
				ENABLE_STRICT_OBJC_MSGSEND = YES;
				GCC_C_LANGUAGE_STANDARD = gnu11;
				GCC_NO_COMMON_BLOCKS = YES;
				GCC_WARN_64_TO_32_BIT_CONVERSION = YES;
				GCC_WARN_ABOUT_RETURN_TYPE = YES_ERROR;
				GCC_WARN_UNDECLARED_SELECTOR = YES;
				GCC_WARN_UNINITIALIZED_AUTOS = YES_AGGRESSIVE;
				GCC_WARN_UNUSED_FUNCTION = YES;
				GCC_WARN_UNUSED_VARIABLE = YES;
				MACOSX_DEPLOYMENT_TARGET = 10.14;
				MTL_ENABLE_DEBUG_INFO = NO;
				MTL_FAST_MATH = YES;
				SDKROOT = macosx;
			};
			name = Release;
		};
		52C8CD2921AB5C5600F3F749 /* Debug */ = {
			isa = XCBuildConfiguration;
			buildSettings = {
				CODE_SIGN_STYLE = Automatic;
				DEVELOPMENT_TEAM = VNN4N4W77Q;
				PRODUCT_NAME = "$(TARGET_NAME)";
			};
			name = Debug;
		};
		52C8CD2A21AB5C5600F3F749 /* Release */ = {
			isa = XCBuildConfiguration;
			buildSettings = {
				CODE_SIGN_STYLE = Automatic;
				DEVELOPMENT_TEAM = VNN4N4W77Q;
				PRODUCT_NAME = "$(TARGET_NAME)";
			};
			name = Release;
		};
/* End XCBuildConfiguration section */

/* Begin XCConfigurationList section */
		52C8CD1C21AB5C5500F3F749 /* Build configuration list for PBXProject "Lab7" */ = {
			isa = XCConfigurationList;
			buildConfigurations = (
				52C8CD2621AB5C5600F3F749 /* Debug */,
				52C8CD2721AB5C5600F3F749 /* Release */,
			);
			defaultConfigurationIsVisible = 0;
			defaultConfigurationName = Release;
		};
		52C8CD2821AB5C5600F3F749 /* Build configuration list for PBXNativeTarget "Lab7" */ = {
			isa = XCConfigurationList;
			buildConfigurations = (
				52C8CD2921AB5C5600F3F749 /* Debug */,
				52C8CD2A21AB5C5600F3F749 /* Release */,
			);
			defaultConfigurationIsVisible = 0;
			defaultConfigurationName = Release;
		};
/* End XCConfigurationList section */
	};
	rootObject = 52C8CD1921AB5C5500F3F749 /* Project object */;
}
